dependencies:
- name: redis
  repository: https://charts.bitnami.com/bitnami
  version: 17.3.13
- name: redis
  repository: https://charts.bitnami.com/bitnami
  version: 17.3.13
- name: redis
  repository: https://charts.bitnami.com/bitnami
  version: 17.3.13
- name: redis
  repository: https://charts.bitnami.com/bitnami
  version: 17.3.13
- name: postgresql
  repository: https://charts.bitnami.com/bitnami
  version: 12.1.6
digest: sha256:8e997fb0885f44f808e534ac4f581247e12a7d4125640436698c18c3fb126ea6
generated: "2023-01-04T11:57:02.697286-05:00"
