dependencies:
- name: redis
  repository: https://charts.bitnami.com/bitnami
  version: 17.3.13
- name: redis
  repository: https://charts.bitnami.com/bitnami
  version: 17.3.13
- name: redis
  repository: https://charts.bitnami.com/bitnami
  version: 17.3.13
- name: redis
  repository: https://charts.bitnami.com/bitnami
  version: 17.3.13
digest: sha256:e2d0453ebd34412616412862ff3dc206c7395b908434b24fe9e8c3e38eec76e5
generated: "2022-12-12T12:17:11.49475-05:00"
